
Microsoft Visual Studio Solution File, Format Version 12.00
# Visual Studio Version 17
VisualStudioVersion = 17.6.33723.286
MinimumVisualStudioVersion = 10.0.40219.1
Project("{FAE04EC0-301F-11D3-BF4B-00C04F79EFBC}") = "IA_GUI", "IA_GUI.csproj", "{BA80712E-A266-453F-A6ED-08C266A03AEA}"
EndProject
Global
	GlobalSection(SolutionConfigurationPlatforms) = preSolution
		Debug|Any CPU = Debug|Any CPU
		Release|Any CPU = Release|Any CPU
	EndGlobalSection
	GlobalSection(ProjectConfigurationPlatforms) = postSolution
		{BA80712E-A266-453F-A6ED-08C266A03AEA}.Debug|Any CPU.ActiveCfg = Debug|Any CPU
		{BA80712E-A266-453F-A6ED-08C266A03AEA}.Debug|Any CPU.Build.0 = Debug|Any CPU
		{BA80712E-A266-453F-A6ED-08C266A03AEA}.Release|Any CPU.ActiveCfg = Release|Any CPU
		{BA80712E-A266-453F-A6ED-08C266A03AEA}.Release|Any CPU.Build.0 = Release|Any CPU
	EndGlobalSection
	GlobalSection(SolutionProperties) = preSolution
		HideSolutionNode = FALSE
	EndGlobalSection
	GlobalSection(ExtensibilityGlobals) = postSolution
		SolutionGuid = {0C0ED3A8-DA30-49B6-BC00-1C64577EAA36}
	EndGlobalSection
EndGlobal
